
Microsoft Visual Studio Solution File, Format Version 12.00
# Visual Studio Version 17
VisualStudioVersion = 17.10.35122.118
MinimumVisualStudioVersion = 10.0.40219.1
Project("{FAE04EC0-301F-11D3-BF4B-00C04F79EFBC}") = "Task_14_Part_1", "Task_14_Part_1.csproj", "{A6012F9D-BCDD-4802-A6C4-FF67BDABD96B}"
EndProject
Global
	GlobalSection(SolutionConfigurationPlatforms) = preSolution
		Debug|Any CPU = Debug|Any CPU
		Release|Any CPU = Release|Any CPU
	EndGlobalSection
	GlobalSection(ProjectConfigurationPlatforms) = postSolution
		{A6012F9D-BCDD-4802-A6C4-FF67BDABD96B}.Debug|Any CPU.ActiveCfg = Debug|Any CPU
		{A6012F9D-BCDD-4802-A6C4-FF67BDABD96B}.Debug|Any CPU.Build.0 = Debug|Any CPU
		{A6012F9D-BCDD-4802-A6C4-FF67BDABD96B}.Release|Any CPU.ActiveCfg = Release|Any CPU
		{A6012F9D-BCDD-4802-A6C4-FF67BDABD96B}.Release|Any CPU.Build.0 = Release|Any CPU
	EndGlobalSection
	GlobalSection(SolutionProperties) = preSolution
		HideSolutionNode = FALSE
	EndGlobalSection
	GlobalSection(ExtensibilityGlobals) = postSolution
		SolutionGuid = {B0FA645A-807A-4C04-BBB4-9CDCDB9B3EF7}
	EndGlobalSection
EndGlobal
